# This file is automatically @generated by Cargo.
# It is not intended for manual editing.
version = 3

[[package]]
name = "corpusforge-cff"
version = "0.1.0"

[[package]]
name = "corpusforge-cli"
version = "0.1.0"

[[package]]
name = "corpusforge-core"
version = "0.1.0"

[[package]]
name = "corpusforge-ngram"
version = "0.1.0"

[[package]]
name = "corpusforge-profile"
version = "0.1.0"

[[package]]
name = "corpusforge-shrink"
version = "0.1.0"

[[package]]
name = "corpusforge-testkit"
version = "0.1.0"

[[package]]
name = "corpusforge-unicode"
version = "0.1.0"
